// !$*UTF8*$!
{
	archiveVersion = 1;
	classes = {
	};
	objectVersion = 56;
	objects = {

/* Begin PBXBuildFile section */
		33F2CDDF29BB766C0060BA17 /* CoreData_DemoApp.swift in Sources */ = {isa = PBXBuildFile; fileRef = 33F2CDDE29BB766C0060BA17 /* CoreData_DemoApp.swift */; };
		33F2CDE129BB766C0060BA17 /* Persistence.swift in Sources */ = {isa = PBXBuildFile; fileRef = 33F2CDE029BB766C0060BA17 /* Persistence.swift */; };
		33F2CDE429BB766C0060BA17 /* CoreData_Demo.xcdatamodeld in Sources */ = {isa = PBXBuildFile; fileRef = 33F2CDE229BB766C0060BA17 /* CoreData_Demo.xcdatamodeld */; };
		33F2CDE629BB766C0060BA17 /* ContentView.swift in Sources */ = {isa = PBXBuildFile; fileRef = 33F2CDE529BB766C0060BA17 /* ContentView.swift */; };
		33F2CDE829BB766D0060BA17 /* Assets.xcassets in Resources */ = {isa = PBXBuildFile; fileRef = 33F2CDE729BB766D0060BA17 /* Assets.xcassets */; };
		33F2CDEC29BB766D0060BA17 /* Preview Assets.xcassets in Resources */ = {isa = PBXBuildFile; fileRef = 33F2CDEB29BB766D0060BA17 /* Preview Assets.xcassets */; };
		33F2CDF629BB766D0060BA17 /* CoreData_DemoTests.swift in Sources */ = {isa = PBXBuildFile; fileRef = 33F2CDF529BB766D0060BA17 /* CoreData_DemoTests.swift */; };
		33F2CE0029BB766D0060BA17 /* CoreData_DemoUITests.swift in Sources */ = {isa = PBXBuildFile; fileRef = 33F2CDFF29BB766D0060BA17 /* CoreData_DemoUITests.swift */; };
		33F2CE0229BB766D0060BA17 /* CoreData_DemoUITestsLaunchTests.swift in Sources */ = {isa = PBXBuildFile; fileRef = 33F2CE0129BB766D0060BA17 /* CoreData_DemoUITestsLaunchTests.swift */; };
/* End PBXBuildFile section */

/* Begin PBXContainerItemProxy section */
		33F2CDF229BB766D0060BA17 /* PBXContainerItemProxy */ = {
			isa = PBXContainerItemProxy;
			containerPortal = 33F2CDD329BB766C0060BA17 /* Project object */;
			proxyType = 1;
			remoteGlobalIDString = 33F2CDDA29BB766C0060BA17;
			remoteInfo = "CoreData Demo";
		};
		33F2CDFC29BB766D0060BA17 /* PBXContainerItemProxy */ = {
			isa = PBXContainerItemProxy;
			containerPortal = 33F2CDD329BB766C0060BA17 /* Project object */;
			proxyType = 1;
			remoteGlobalIDString = 33F2CDDA29BB766C0060BA17;
			remoteInfo = "CoreData Demo";
		};
/* End PBXContainerItemProxy section */

/* Begin PBXFileReference section */
		33F2CDDB29BB766C0060BA17 /* CoreData Demo.app */ = {isa = PBXFileReference; explicitFileType = wrapper.application; includeInIndex = 0; path = "CoreData Demo.app"; sourceTree = BUILT_PRODUCTS_DIR; };
		33F2CDDE29BB766C0060BA17 /* CoreData_DemoApp.swift */ = {isa = PBXFileReference; lastKnownFileType = sourcecode.swift; path = CoreData_DemoApp.swift; sourceTree = "<group>"; };
		33F2CDE029BB766C0060BA17 /* Persistence.swift */ = {isa = PBXFileReference; lastKnownFileType = sourcecode.swift; path = Persistence.swift; sourceTree = "<group>"; };
		33F2CDE329BB766C0060BA17 /* CoreData_Demo.xcdatamodel */ = {isa = PBXFileReference; lastKnownFileType = wrapper.xcdatamodel; path = CoreData_Demo.xcdatamodel; sourceTree = "<group>"; };
		33F2CDE529BB766C0060BA17 /* ContentView.swift */ = {isa = PBXFileReference; lastKnownFileType = sourcecode.swift; path = ContentView.swift; sourceTree = "<group>"; };
		33F2CDE729BB766D0060BA17 /* Assets.xcassets */ = {isa = PBXFileReference; lastKnownFileType = folder.assetcatalog; path = Assets.xcassets; sourceTree = "<group>"; };
		33F2CDE929BB766D0060BA17 /* CoreData_Demo.entitlements */ = {isa = PBXFileReference; lastKnownFileType = text.plist.entitlements; path = CoreData_Demo.entitlements; sourceTree = "<group>"; };
		33F2CDEB29BB766D0060BA17 /* Preview Assets.xcassets */ = {isa = PBXFileReference; lastKnownFileType = folder.assetcatalog; path = "Preview Assets.xcassets"; sourceTree = "<group>"; };
		33F2CDF129BB766D0060BA17 /* CoreData DemoTests.xctest */ = {isa = PBXFileReference; explicitFileType = wrapper.cfbundle; includeInIndex = 0; path = "CoreData DemoTests.xctest"; sourceTree = BUILT_PRODUCTS_DIR; };
		33F2CDF529BB766D0060BA17 /* CoreData_DemoTests.swift */ = {isa = PBXFileReference; lastKnownFileType = sourcecode.swift; path = CoreData_DemoTests.swift; sourceTree = "<group>"; };
		33F2CDFB29BB766D0060BA17 /* CoreData DemoUITests.xctest */ = {isa = PBXFileReference; explicitFileType = wrapper.cfbundle; includeInIndex = 0; path = "CoreData DemoUITests.xctest"; sourceTree = BUILT_PRODUCTS_DIR; };
		33F2CDFF29BB766D0060BA17 /* CoreData_DemoUITests.swift */ = {isa = PBXFileReference; lastKnownFileType = sourcecode.swift; path = CoreData_DemoUITests.swift; sourceTree = "<group>"; };
		33F2CE0129BB766D0060BA17 /* CoreData_DemoUITestsLaunchTests.swift */ = {isa = PBXFileReference; lastKnownFileType = sourcecode.swift; path = CoreData_DemoUITestsLaunchTests.swift; sourceTree = "<group>"; };
/* End PBXFileReference section */

/* Begin PBXFrameworksBuildPhase section */
		33F2CDD829BB766C0060BA17 /* Frameworks */ = {
			isa = PBXFrameworksBuildPhase;
			buildActionMask = 2147483647;
			files = (
			);
			runOnlyForDeploymentPostprocessing = 0;
		};
		33F2CDEE29BB766D0060BA17 /* Frameworks */ = {
			isa = PBXFrameworksBuildPhase;
			buildActionMask = 2147483647;
			files = (
			);
			runOnlyForDeploymentPostprocessing = 0;
		};
		33F2CDF829BB766D0060BA17 /* Frameworks */ = {
			isa = PBXFrameworksBuildPhase;
			buildActionMask = 2147483647;
			files = (
			);
			runOnlyForDeploymentPostprocessing = 0;
		};
/* End PBXFrameworksBuildPhase section */

/* Begin PBXGroup section */
		33F2CDD229BB766C0060BA17 = {
			isa = PBXGroup;
			children = (
				33F2CDDD29BB766C0060BA17 /* CoreData Demo */,
				33F2CDF429BB766D0060BA17 /* CoreData DemoTests */,
				33F2CDFE29BB766D0060BA17 /* CoreData DemoUITests */,
				33F2CDDC29BB766C0060BA17 /* Products */,
			);
			sourceTree = "<group>";
		};
		33F2CDDC29BB766C0060BA17 /* Products */ = {
			isa = PBXGroup;
			children = (
				33F2CDDB29BB766C0060BA17 /* CoreData Demo.app */,
				33F2CDF129BB766D0060BA17 /* CoreData DemoTests.xctest */,
				33F2CDFB29BB766D0060BA17 /* CoreData DemoUITests.xctest */,
			);
			name = Products;
			sourceTree = "<group>";
		};
		33F2CDDD29BB766C0060BA17 /* CoreData Demo */ = {
			isa = PBXGroup;
			children = (
				33F2CDDE29BB766C0060BA17 /* CoreData_DemoApp.swift */,
				33F2CDE029BB766C0060BA17 /* Persistence.swift */,
				33F2CDE529BB766C0060BA17 /* ContentView.swift */,
				33F2CDE729BB766D0060BA17 /* Assets.xcassets */,
				33F2CDE929BB766D0060BA17 /* CoreData_Demo.entitlements */,
				33F2CDE229BB766C0060BA17 /* CoreData_Demo.xcdatamodeld */,
				33F2CDEA29BB766D0060BA17 /* Preview Content */,
			);
			path = "CoreData Demo";
			sourceTree = "<group>";
		};
		33F2CDEA29BB766D0060BA17 /* Preview Content */ = {
			isa = PBXGroup;
			children = (
				33F2CDEB29BB766D0060BA17 /* Preview Assets.xcassets */,
			);
			path = "Preview Content";
			sourceTree = "<group>";
		};
		33F2CDF429BB766D0060BA17 /* CoreData DemoTests */ = {
			isa = PBXGroup;
			children = (
				33F2CDF529BB766D0060BA17 /* CoreData_DemoTests.swift */,
			);
			path = "CoreData DemoTests";
			sourceTree = "<group>";
		};
		33F2CDFE29BB766D0060BA17 /* CoreData DemoUITests */ = {
			isa = PBXGroup;
			children = (
				33F2CDFF29BB766D0060BA17 /* CoreData_DemoUITests.swift */,
				33F2CE0129BB766D0060BA17 /* CoreData_DemoUITestsLaunchTests.swift */,
			);
			path = "CoreData DemoUITests";
			sourceTree = "<group>";
		};
/* End PBXGroup section */

/* Begin PBXNativeTarget section */
		33F2CDDA29BB766C0060BA17 /* CoreData Demo */ = {
			isa = PBXNativeTarget;
			buildConfigurationList = 33F2CE0529BB766D0060BA17 /* Build configuration list for PBXNativeTarget "CoreData Demo" */;
			buildPhases = (
				33F2CDD729BB766C0060BA17 /* Sources */,
				33F2CDD829BB766C0060BA17 /* Frameworks */,
				33F2CDD929BB766C0060BA17 /* Resources */,
			);
			buildRules = (
			);
			dependencies = (
			);
			name = "CoreData Demo";
			productName = "CoreData Demo";
			productReference = 33F2CDDB29BB766C0060BA17 /* CoreData Demo.app */;
			productType = "com.apple.product-type.application";
		};
		33F2CDF029BB766D0060BA17 /* CoreData DemoTests */ = {
			isa = PBXNativeTarget;
			buildConfigurationList = 33F2CE0829BB766D0060BA17 /* Build configuration list for PBXNativeTarget "CoreData DemoTests" */;
			buildPhases = (
				33F2CDED29BB766D0060BA17 /* Sources */,
				33F2CDEE29BB766D0060BA17 /* Frameworks */,
				33F2CDEF29BB766D0060BA17 /* Resources */,
			);
			buildRules = (
			);
			dependencies = (
				33F2CDF329BB766D0060BA17 /* PBXTargetDependency */,
			);
			name = "CoreData DemoTests";
			productName = "CoreData DemoTests";
			productReference = 33F2CDF129BB766D0060BA17 /* CoreData DemoTests.xctest */;
			productType = "com.apple.product-type.bundle.unit-test";
		};
		33F2CDFA29BB766D0060BA17 /* CoreData DemoUITests */ = {
			isa = PBXNativeTarget;
			buildConfigurationList = 33F2CE0B29BB766D0060BA17 /* Build configuration list for PBXNativeTarget "CoreData DemoUITests" */;
			buildPhases = (
				33F2CDF729BB766D0060BA17 /* Sources */,
				33F2CDF829BB766D0060BA17 /* Frameworks */,
				33F2CDF929BB766D0060BA17 /* Resources */,
			);
			buildRules = (
			);
			dependencies = (
				33F2CDFD29BB766D0060BA17 /* PBXTargetDependency */,
			);
			name = "CoreData DemoUITests";
			productName = "CoreData DemoUITests";
			productReference = 33F2CDFB29BB766D0060BA17 /* CoreData DemoUITests.xctest */;
			productType = "com.apple.product-type.bundle.ui-testing";
		};
/* End PBXNativeTarget section */

/* Begin PBXProject section */
		33F2CDD329BB766C0060BA17 /* Project object */ = {
			isa = PBXProject;
			attributes = {
				BuildIndependentTargetsInParallel = 1;
				LastSwiftUpdateCheck = 1420;
				LastUpgradeCheck = 1420;
				TargetAttributes = {
					33F2CDDA29BB766C0060BA17 = {
						CreatedOnToolsVersion = 14.2;
					};
					33F2CDF029BB766D0060BA17 = {
						CreatedOnToolsVersion = 14.2;
						TestTargetID = 33F2CDDA29BB766C0060BA17;
					};
					33F2CDFA29BB766D0060BA17 = {
						CreatedOnToolsVersion = 14.2;
						TestTargetID = 33F2CDDA29BB766C0060BA17;
					};
				};
			};
			buildConfigurationList = 33F2CDD629BB766C0060BA17 /* Build configuration list for PBXProject "CoreData Demo" */;
			compatibilityVersion = "Xcode 14.0";
			developmentRegion = en;
			hasScannedForEncodings = 0;
			knownRegions = (
				en,
				Base,
			);
			mainGroup = 33F2CDD229BB766C0060BA17;
			productRefGroup = 33F2CDDC29BB766C0060BA17 /* Products */;
			projectDirPath = "";
			projectRoot = "";
			targets = (
				33F2CDDA29BB766C0060BA17 /* CoreData Demo */,
				33F2CDF029BB766D0060BA17 /* CoreData DemoTests */,
				33F2CDFA29BB766D0060BA17 /* CoreData DemoUITests */,
			);
		};
/* End PBXProject section */

/* Begin PBXResourcesBuildPhase section */
		33F2CDD929BB766C0060BA17 /* Resources */ = {
			isa = PBXResourcesBuildPhase;
			buildActionMask = 2147483647;
			files = (
				33F2CDEC29BB766D0060BA17 /* Preview Assets.xcassets in Resources */,
				33F2CDE829BB766D0060BA17 /* Assets.xcassets in Resources */,
			);
			runOnlyForDeploymentPostprocessing = 0;
		};
		33F2CDEF29BB766D0060BA17 /* Resources */ = {
			isa = PBXResourcesBuildPhase;
			buildActionMask = 2147483647;
			files = (
			);
			runOnlyForDeploymentPostprocessing = 0;
		};
		33F2CDF929BB766D0060BA17 /* Resources */ = {
			isa = PBXResourcesBuildPhase;
			buildActionMask = 2147483647;
			files = (
			);
			runOnlyForDeploymentPostprocessing = 0;
		};
/* End PBXResourcesBuildPhase section */

/* Begin PBXSourcesBuildPhase section */
		33F2CDD729BB766C0060BA17 /* Sources */ = {
			isa = PBXSourcesBuildPhase;
			buildActionMask = 2147483647;
			files = (
				33F2CDDF29BB766C0060BA17 /* CoreData_DemoApp.swift in Sources */,
				33F2CDE429BB766C0060BA17 /* CoreData_Demo.xcdatamodeld in Sources */,
				33F2CDE629BB766C0060BA17 /* ContentView.swift in Sources */,
				33F2CDE129BB766C0060BA17 /* Persistence.swift in Sources */,
			);
			runOnlyForDeploymentPostprocessing = 0;
		};
		33F2CDED29BB766D0060BA17 /* Sources */ = {
			isa = PBXSourcesBuildPhase;
			buildActionMask = 2147483647;
			files = (
				33F2CDF629BB766D0060BA17 /* CoreData_DemoTests.swift in Sources */,
			);
			runOnlyForDeploymentPostprocessing = 0;
		};
		33F2CDF729BB766D0060BA17 /* Sources */ = {
			isa = PBXSourcesBuildPhase;
			buildActionMask = 2147483647;
			files = (
				33F2CE0229BB766D0060BA17 /* CoreData_DemoUITestsLaunchTests.swift in Sources */,
				33F2CE0029BB766D0060BA17 /* CoreData_DemoUITests.swift in Sources */,
			);
			runOnlyForDeploymentPostprocessing = 0;
		};
/* End PBXSourcesBuildPhase section */

/* Begin PBXTargetDependency section */
		33F2CDF329BB766D0060BA17 /* PBXTargetDependency */ = {
			isa = PBXTargetDependency;
			target = 33F2CDDA29BB766C0060BA17 /* CoreData Demo */;
			targetProxy = 33F2CDF229BB766D0060BA17 /* PBXContainerItemProxy */;
		};
		33F2CDFD29BB766D0060BA17 /* PBXTargetDependency */ = {
			isa = PBXTargetDependency;
			target = 33F2CDDA29BB766C0060BA17 /* CoreData Demo */;
			targetProxy = 33F2CDFC29BB766D0060BA17 /* PBXContainerItemProxy */;
		};
/* End PBXTargetDependency section */

/* Begin XCBuildConfiguration section */
		33F2CE0329BB766D0060BA17 /* Debug */ = {
			isa = XCBuildConfiguration;
			buildSettings = {
				ALWAYS_SEARCH_USER_PATHS = NO;
				CLANG_ANALYZER_NONNULL = YES;
				CLANG_ANALYZER_NUMBER_OBJECT_CONVERSION = YES_AGGRESSIVE;
				CLANG_CXX_LANGUAGE_STANDARD = "gnu++20";
				CLANG_ENABLE_MODULES = YES;
				CLANG_ENABLE_OBJC_ARC = YES;
				CLANG_ENABLE_OBJC_WEAK = YES;
				CLANG_WARN_BLOCK_CAPTURE_AUTORELEASING = YES;
				CLANG_WARN_BOOL_CONVERSION = YES;
				CLANG_WARN_COMMA = YES;
				CLANG_WARN_CONSTANT_CONVERSION = YES;
				CLANG_WARN_DEPRECATED_OBJC_IMPLEMENTATIONS = YES;
				CLANG_WARN_DIRECT_OBJC_ISA_USAGE = YES_ERROR;
				CLANG_WARN_DOCUMENTATION_COMMENTS = YES;
				CLANG_WARN_EMPTY_BODY = YES;
				CLANG_WARN_ENUM_CONVERSION = YES;
				CLANG_WARN_INFINITE_RECURSION = YES;
				CLANG_WARN_INT_CONVERSION = YES;
				CLANG_WARN_NON_LITERAL_NULL_CONVERSION = YES;
				CLANG_WARN_OBJC_IMPLICIT_RETAIN_SELF = YES;
				CLANG_WARN_OBJC_LITERAL_CONVERSION = YES;
				CLANG_WARN_OBJC_ROOT_CLASS = YES_ERROR;
				CLANG_WARN_QUOTED_INCLUDE_IN_FRAMEWORK_HEADER = YES;
				CLANG_WARN_RANGE_LOOP_ANALYSIS = YES;
				CLANG_WARN_STRICT_PROTOTYPES = YES;
				CLANG_WARN_SUSPICIOUS_MOVE = YES;
				CLANG_WARN_UNGUARDED_AVAILABILITY = YES_AGGRESSIVE;
				CLANG_WARN_UNREACHABLE_CODE = YES;
				CLANG_WARN__DUPLICATE_METHOD_MATCH = YES;
				COPY_PHASE_STRIP = NO;
				DEBUG_INFORMATION_FORMAT = dwarf;
				ENABLE_STRICT_OBJC_MSGSEND = YES;
				ENABLE_TESTABILITY = YES;
				GCC_C_LANGUAGE_STANDARD = gnu11;
				GCC_DYNAMIC_NO_PIC = NO;
				GCC_NO_COMMON_BLOCKS = YES;
				GCC_OPTIMIZATION_LEVEL = 0;
				GCC_PREPROCESSOR_DEFINITIONS = (
					"DEBUG=1",
					"$(inherited)",
				);
				GCC_WARN_64_TO_32_BIT_CONVERSION = YES;
				GCC_WARN_ABOUT_RETURN_TYPE = YES_ERROR;
				GCC_WARN_UNDECLARED_SELECTOR = YES;
				GCC_WARN_UNINITIALIZED_AUTOS = YES_AGGRESSIVE;
				GCC_WARN_UNUSED_FUNCTION = YES;
				GCC_WARN_UNUSED_VARIABLE = YES;
				MTL_ENABLE_DEBUG_INFO = INCLUDE_SOURCE;
				MTL_FAST_MATH = YES;
				ONLY_ACTIVE_ARCH = YES;
				SWIFT_ACTIVE_COMPILATION_CONDITIONS = DEBUG;
				SWIFT_OPTIMIZATION_LEVEL = "-Onone";
			};
			name = Debug;
		};
		33F2CE0429BB766D0060BA17 /* Release */ = {
			isa = XCBuildConfiguration;
			buildSettings = {
				ALWAYS_SEARCH_USER_PATHS = NO;
				CLANG_ANALYZER_NONNULL = YES;
				CLANG_ANALYZER_NUMBER_OBJECT_CONVERSION = YES_AGGRESSIVE;
				CLANG_CXX_LANGUAGE_STANDARD = "gnu++20";
				CLANG_ENABLE_MODULES = YES;
				CLANG_ENABLE_OBJC_ARC = YES;
				CLANG_ENABLE_OBJC_WEAK = YES;
				CLANG_WARN_BLOCK_CAPTURE_AUTORELEASING = YES;
				CLANG_WARN_BOOL_CONVERSION = YES;
				CLANG_WARN_COMMA = YES;
				CLANG_WARN_CONSTANT_CONVERSION = YES;
				CLANG_WARN_DEPRECATED_OBJC_IMPLEMENTATIONS = YES;
				CLANG_WARN_DIRECT_OBJC_ISA_USAGE = YES_ERROR;
				CLANG_WARN_DOCUMENTATION_COMMENTS = YES;
				CLANG_WARN_EMPTY_BODY = YES;
				CLANG_WARN_ENUM_CONVERSION = YES;
				CLANG_WARN_INFINITE_RECURSION = YES;
				CLANG_WARN_INT_CONVERSION = YES;
				CLANG_WARN_NON_LITERAL_NULL_CONVERSION = YES;
				CLANG_WARN_OBJC_IMPLICIT_RETAIN_SELF = YES;
				CLANG_WARN_OBJC_LITERAL_CONVERSION = YES;
				CLANG_WARN_OBJC_ROOT_CLASS = YES_ERROR;
				CLANG_WARN_QUOTED_INCLUDE_IN_FRAMEWORK_HEADER = YES;
				CLANG_WARN_RANGE_LOOP_ANALYSIS = YES;
				CLANG_WARN_STRICT_PROTOTYPES = YES;
				CLANG_WARN_SUSPICIOUS_MOVE = YES;
				CLANG_WARN_UNGUARDED_AVAILABILITY = YES_AGGRESSIVE;
				CLANG_WARN_UNREACHABLE_CODE = YES;
				CLANG_WARN__DUPLICATE_METHOD_MATCH = YES;
				COPY_PHASE_STRIP = NO;
				DEBUG_INFORMATION_FORMAT = "dwarf-with-dsym";
				ENABLE_NS_ASSERTIONS = NO;
				ENABLE_STRICT_OBJC_MSGSEND = YES;
				GCC_C_LANGUAGE_STANDARD = gnu11;
				GCC_NO_COMMON_BLOCKS = YES;
				GCC_WARN_64_TO_32_BIT_CONVERSION = YES;
				GCC_WARN_ABOUT_RETURN_TYPE = YES_ERROR;
				GCC_WARN_UNDECLARED_SELECTOR = YES;
				GCC_WARN_UNINITIALIZED_AUTOS = YES_AGGRESSIVE;
				GCC_WARN_UNUSED_FUNCTION = YES;
				GCC_WARN_UNUSED_VARIABLE = YES;
				MTL_ENABLE_DEBUG_INFO = NO;
				MTL_FAST_MATH = YES;
				SWIFT_COMPILATION_MODE = wholemodule;
				SWIFT_OPTIMIZATION_LEVEL = "-O";
			};
			name = Release;
		};
		33F2CE0629BB766D0060BA17 /* Debug */ = {
			isa = XCBuildConfiguration;
			buildSettings = {
				ASSETCATALOG_COMPILER_APPICON_NAME = AppIcon;
				ASSETCATALOG_COMPILER_GLOBAL_ACCENT_COLOR_NAME = AccentColor;
				CODE_SIGN_ENTITLEMENTS = "CoreData Demo/CoreData_Demo.entitlements";
				CODE_SIGN_STYLE = Automatic;
				CURRENT_PROJECT_VERSION = 1;
				DEVELOPMENT_ASSET_PATHS = "\"CoreData Demo/Preview Content\"";
				DEVELOPMENT_TEAM = A7SGM6JEMA;
				ENABLE_HARDENED_RUNTIME = YES;
				ENABLE_PREVIEWS = YES;
				GENERATE_INFOPLIST_FILE = YES;
				"INFOPLIST_KEY_UIApplicationSceneManifest_Generation[sdk=iphoneos*]" = YES;
				"INFOPLIST_KEY_UIApplicationSceneManifest_Generation[sdk=iphonesimulator*]" = YES;
				"INFOPLIST_KEY_UIApplicationSupportsIndirectInputEvents[sdk=iphoneos*]" = YES;
				"INFOPLIST_KEY_UIApplicationSupportsIndirectInputEvents[sdk=iphonesimulator*]" = YES;
				"INFOPLIST_KEY_UILaunchScreen_Generation[sdk=iphoneos*]" = YES;
				"INFOPLIST_KEY_UILaunchScreen_Generation[sdk=iphonesimulator*]" = YES;
				"INFOPLIST_KEY_UIStatusBarStyle[sdk=iphoneos*]" = UIStatusBarStyleDefault;
				"INFOPLIST_KEY_UIStatusBarStyle[sdk=iphonesimulator*]" = UIStatusBarStyleDefault;
				INFOPLIST_KEY_UISupportedInterfaceOrientations_iPad = "UIInterfaceOrientationPortrait UIInterfaceOrientationPortraitUpsideDown UIInterfaceOrientationLandscapeLeft UIInterfaceOrientationLandscapeRight";
				INFOPLIST_KEY_UISupportedInterfaceOrientations_iPhone = "UIInterfaceOrientationPortrait UIInterfaceOrientationLandscapeLeft UIInterfaceOrientationLandscapeRight";
				IPHONEOS_DEPLOYMENT_TARGET = 16.2;
				LD_RUNPATH_SEARCH_PATHS = "@executable_path/Frameworks";
				"LD_RUNPATH_SEARCH_PATHS[sdk=macosx*]" = "@executable_path/../Frameworks";
				MACOSX_DEPLOYMENT_TARGET = 13.1;
				MARKETING_VERSION = 1.0;
				PRODUCT_BUNDLE_IDENTIFIER = "com.humancoders.training.ios.CoreData-Demo";
				PRODUCT_NAME = "$(TARGET_NAME)";
				SDKROOT = auto;
				SUPPORTED_PLATFORMS = "iphoneos iphonesimulator macosx";
				SWIFT_EMIT_LOC_STRINGS = YES;
				SWIFT_VERSION = 5.0;
				TARGETED_DEVICE_FAMILY = "1,2";
			};
			name = Debug;
		};
		33F2CE0729BB766D0060BA17 /* Release */ = {
			isa = XCBuildConfiguration;
			buildSettings = {
				ASSETCATALOG_COMPILER_APPICON_NAME = AppIcon;
				ASSETCATALOG_COMPILER_GLOBAL_ACCENT_COLOR_NAME = AccentColor;
				CODE_SIGN_ENTITLEMENTS = "CoreData Demo/CoreData_Demo.entitlements";
				CODE_SIGN_STYLE = Automatic;
				CURRENT_PROJECT_VERSION = 1;
				DEVELOPMENT_ASSET_PATHS = "\"CoreData Demo/Preview Content\"";
				DEVELOPMENT_TEAM = A7SGM6JEMA;
				ENABLE_HARDENED_RUNTIME = YES;
				ENABLE_PREVIEWS = YES;
				GENERATE_INFOPLIST_FILE = YES;
				"INFOPLIST_KEY_UIApplicationSceneManifest_Generation[sdk=iphoneos*]" = YES;
				"INFOPLIST_KEY_UIApplicationSceneManifest_Generation[sdk=iphonesimulator*]" = YES;
				"INFOPLIST_KEY_UIApplicationSupportsIndirectInputEvents[sdk=iphoneos*]" = YES;
				"INFOPLIST_KEY_UIApplicationSupportsIndirectInputEvents[sdk=iphonesimulator*]" = YES;
				"INFOPLIST_KEY_UILaunchScreen_Generation[sdk=iphoneos*]" = YES;
				"INFOPLIST_KEY_UILaunchScreen_Generation[sdk=iphonesimulator*]" = YES;
				"INFOPLIST_KEY_UIStatusBarStyle[sdk=iphoneos*]" = UIStatusBarStyleDefault;
				"INFOPLIST_KEY_UIStatusBarStyle[sdk=iphonesimulator*]" = UIStatusBarStyleDefault;
				INFOPLIST_KEY_UISupportedInterfaceOrientations_iPad = "UIInterfaceOrientationPortrait UIInterfaceOrientationPortraitUpsideDown UIInterfaceOrientationLandscapeLeft UIInterfaceOrientationLandscapeRight";
				INFOPLIST_KEY_UISupportedInterfaceOrientations_iPhone = "UIInterfaceOrientationPortrait UIInterfaceOrientationLandscapeLeft UIInterfaceOrientationLandscapeRight";
				IPHONEOS_DEPLOYMENT_TARGET = 16.2;
				LD_RUNPATH_SEARCH_PATHS = "@executable_path/Frameworks";
				"LD_RUNPATH_SEARCH_PATHS[sdk=macosx*]" = "@executable_path/../Frameworks";
				MACOSX_DEPLOYMENT_TARGET = 13.1;
				MARKETING_VERSION = 1.0;
				PRODUCT_BUNDLE_IDENTIFIER = "com.humancoders.training.ios.CoreData-Demo";
				PRODUCT_NAME = "$(TARGET_NAME)";
				SDKROOT = auto;
				SUPPORTED_PLATFORMS = "iphoneos iphonesimulator macosx";
				SWIFT_EMIT_LOC_STRINGS = YES;
				SWIFT_VERSION = 5.0;
				TARGETED_DEVICE_FAMILY = "1,2";
			};
			name = Release;
		};
		33F2CE0929BB766D0060BA17 /* Debug */ = {
			isa = XCBuildConfiguration;
			buildSettings = {
				ALWAYS_EMBED_SWIFT_STANDARD_LIBRARIES = YES;
				BUNDLE_LOADER = "$(TEST_HOST)";
				CODE_SIGN_STYLE = Automatic;
				CURRENT_PROJECT_VERSION = 1;
				DEVELOPMENT_TEAM = A7SGM6JEMA;
				GENERATE_INFOPLIST_FILE = YES;
				IPHONEOS_DEPLOYMENT_TARGET = 16.2;
				MACOSX_DEPLOYMENT_TARGET = 13.1;
				MARKETING_VERSION = 1.0;
				PRODUCT_BUNDLE_IDENTIFIER = "com.humancoders.training.ios.CoreData-DemoTests";
				PRODUCT_NAME = "$(TARGET_NAME)";
				SDKROOT = auto;
				SUPPORTED_PLATFORMS = "iphoneos iphonesimulator macosx";
				SWIFT_EMIT_LOC_STRINGS = NO;
				SWIFT_VERSION = 5.0;
				TARGETED_DEVICE_FAMILY = "1,2";
				TEST_HOST = "$(BUILT_PRODUCTS_DIR)/CoreData Demo.app/$(BUNDLE_EXECUTABLE_FOLDER_PATH)/CoreData Demo";
			};
			name = Debug;
		};
		33F2CE0A29BB766D0060BA17 /* Release */ = {
			isa = XCBuildConfiguration;
			buildSettings = {
				ALWAYS_EMBED_SWIFT_STANDARD_LIBRARIES = YES;
				BUNDLE_LOADER = "$(TEST_HOST)";
				CODE_SIGN_STYLE = Automatic;
				CURRENT_PROJECT_VERSION = 1;
				DEVELOPMENT_TEAM = A7SGM6JEMA;
				GENERATE_INFOPLIST_FILE = YES;
				IPHONEOS_DEPLOYMENT_TARGET = 16.2;
				MACOSX_DEPLOYMENT_TARGET = 13.1;
				MARKETING_VERSION = 1.0;
				PRODUCT_BUNDLE_IDENTIFIER = "com.humancoders.training.ios.CoreData-DemoTests";
				PRODUCT_NAME = "$(TARGET_NAME)";
				SDKROOT = auto;
				SUPPORTED_PLATFORMS = "iphoneos iphonesimulator macosx";
				SWIFT_EMIT_LOC_STRINGS = NO;
				SWIFT_VERSION = 5.0;
				TARGETED_DEVICE_FAMILY = "1,2";
				TEST_HOST = "$(BUILT_PRODUCTS_DIR)/CoreData Demo.app/$(BUNDLE_EXECUTABLE_FOLDER_PATH)/CoreData Demo";
			};
			name = Release;
		};
		33F2CE0C29BB766D0060BA17 /* Debug */ = {
			isa = XCBuildConfiguration;
			buildSettings = {
				ALWAYS_EMBED_SWIFT_STANDARD_LIBRARIES = YES;
				CODE_SIGN_STYLE = Automatic;
				CURRENT_PROJECT_VERSION = 1;
				DEVELOPMENT_TEAM = A7SGM6JEMA;
				GENERATE_INFOPLIST_FILE = YES;
				IPHONEOS_DEPLOYMENT_TARGET = 16.2;
				MACOSX_DEPLOYMENT_TARGET = 13.1;
				MARKETING_VERSION = 1.0;
				PRODUCT_BUNDLE_IDENTIFIER = "com.humancoders.training.ios.CoreData-DemoUITests";
				PRODUCT_NAME = "$(TARGET_NAME)";
				SDKROOT = auto;
				SUPPORTED_PLATFORMS = "iphoneos iphonesimulator macosx";
				SWIFT_EMIT_LOC_STRINGS = NO;
				SWIFT_VERSION = 5.0;
				TARGETED_DEVICE_FAMILY = "1,2";
				TEST_TARGET_NAME = "CoreData Demo";
			};
			name = Debug;
		};
		33F2CE0D29BB766D0060BA17 /* Release */ = {
			isa = XCBuildConfiguration;
			buildSettings = {
				ALWAYS_EMBED_SWIFT_STANDARD_LIBRARIES = YES;
				CODE_SIGN_STYLE = Automatic;
				CURRENT_PROJECT_VERSION = 1;
				DEVELOPMENT_TEAM = A7SGM6JEMA;
				GENERATE_INFOPLIST_FILE = YES;
				IPHONEOS_DEPLOYMENT_TARGET = 16.2;
				MACOSX_DEPLOYMENT_TARGET = 13.1;
				MARKETING_VERSION = 1.0;
				PRODUCT_BUNDLE_IDENTIFIER = "com.humancoders.training.ios.CoreData-DemoUITests";
				PRODUCT_NAME = "$(TARGET_NAME)";
				SDKROOT = auto;
				SUPPORTED_PLATFORMS = "iphoneos iphonesimulator macosx";
				SWIFT_EMIT_LOC_STRINGS = NO;
				SWIFT_VERSION = 5.0;
				TARGETED_DEVICE_FAMILY = "1,2";
				TEST_TARGET_NAME = "CoreData Demo";
			};
			name = Release;
		};
/* End XCBuildConfiguration section */

/* Begin XCConfigurationList section */
		33F2CDD629BB766C0060BA17 /* Build configuration list for PBXProject "CoreData Demo" */ = {
			isa = XCConfigurationList;
			buildConfigurations = (
				33F2CE0329BB766D0060BA17 /* Debug */,
				33F2CE0429BB766D0060BA17 /* Release */,
			);
			defaultConfigurationIsVisible = 0;
			defaultConfigurationName = Release;
		};
		33F2CE0529BB766D0060BA17 /* Build configuration list for PBXNativeTarget "CoreData Demo" */ = {
			isa = XCConfigurationList;
			buildConfigurations = (
				33F2CE0629BB766D0060BA17 /* Debug */,
				33F2CE0729BB766D0060BA17 /* Release */,
			);
			defaultConfigurationIsVisible = 0;
			defaultConfigurationName = Release;
		};
		33F2CE0829BB766D0060BA17 /* Build configuration list for PBXNativeTarget "CoreData DemoTests" */ = {
			isa = XCConfigurationList;
			buildConfigurations = (
				33F2CE0929BB766D0060BA17 /* Debug */,
				33F2CE0A29BB766D0060BA17 /* Release */,
			);
			defaultConfigurationIsVisible = 0;
			defaultConfigurationName = Release;
		};
		33F2CE0B29BB766D0060BA17 /* Build configuration list for PBXNativeTarget "CoreData DemoUITests" */ = {
			isa = XCConfigurationList;
			buildConfigurations = (
				33F2CE0C29BB766D0060BA17 /* Debug */,
				33F2CE0D29BB766D0060BA17 /* Release */,
			);
			defaultConfigurationIsVisible = 0;
			defaultConfigurationName = Release;
		};
/* End XCConfigurationList section */

/* Begin XCVersionGroup section */
		33F2CDE229BB766C0060BA17 /* CoreData_Demo.xcdatamodeld */ = {
			isa = XCVersionGroup;
			children = (
				33F2CDE329BB766C0060BA17 /* CoreData_Demo.xcdatamodel */,
			);
			currentVersion = 33F2CDE329BB766C0060BA17 /* CoreData_Demo.xcdatamodel */;
			path = CoreData_Demo.xcdatamodeld;
			sourceTree = "<group>";
			versionGroupType = wrapper.xcdatamodel;
		};
/* End XCVersionGroup section */
	};
	rootObject = 33F2CDD329BB766C0060BA17 /* Project object */;
}
